{
  "version": 4,
  "terraform_version": "0.15.0",
  "serial": 149,
  "lineage": "091cc8f4-b18e-2521-cfb1-b6e3c7d5ae8f",
  "outputs": {},
  "resources": [
    {
      "module": "module.s3-web-hosting",
      "mode": "data",
      "type": "aws_iam_policy_document",
      "name": "s3_policy",
      "provider": "provider[\"registry.terraform.io/hashicorp/aws\"]",
      "instances": [
        {
          "schema_version": 0,
          "attributes": {
            "id": "1304050499",
            "json": "{\n  \"Version\": \"2012-10-17\",\n  \"Statement\": [\n    {\n      \"Sid\": \"\",\n      \"Effect\": \"Allow\",\n      \"Action\": \"s3:GetObject\",\n      \"Resource\": \"arn:aws:s3:::terraform-bucket-fm/*\",\n      \"Principal\": {\n        \"AWS\": \"arn:aws:iam::cloudfront:user/CloudFront Origin Access Identity E39UPVZHAUTN1I\"\n      }\n    }\n  ]\n}",
            "override_json": null,
            "override_policy_documents": null,
            "policy_id": null,
            "source_json": null,
            "source_policy_documents": null,
            "statement": [
              {
                "actions": [
                  "s3:GetObject"
                ],
                "condition": [],
                "effect": "Allow",
                "not_actions": [],
                "not_principals": [],
                "not_resources": [],
                "principals": [
                  {
                    "identifiers": [
                      "arn:aws:iam::cloudfront:user/CloudFront Origin Access Identity E39UPVZHAUTN1I"
                    ],
                    "type": "AWS"
                  }
                ],
                "resources": [
                  "arn:aws:s3:::terraform-bucket-fm/*"
                ],
                "sid": ""
              }
            ],
            "version": "2012-10-17"
          },
          "sensitive_attributes": []
        }
      ]
    },
    {
      "module": "module.s3-web-hosting",
      "mode": "managed",
      "type": "aws_cloudfront_distribution",
      "name": "terraformTest",
      "provider": "provider[\"registry.terraform.io/hashicorp/aws\"]",
      "instances": [
        {
          "schema_version": 1,
          "attributes": {
            "aliases": [
              "terraform.fuseprojects.com"
            ],
            "arn": "arn:aws:cloudfront::549847039622:distribution/E144TC5597G9LI",
            "caller_reference": "terraform-20210427153513758300000002",
            "comment": null,
            "custom_error_response": [
              {
                "error_caching_min_ttl": 3000,
                "error_code": 400,
                "response_code": 200,
                "response_page_path": "/right-sidebar.html"
              },
              {
                "error_caching_min_ttl": 3000,
                "error_code": 403,
                "response_code": 200,
                "response_page_path": "/right-sidebar.html"
              },
              {
                "error_caching_min_ttl": 3000,
                "error_code": 404,
                "response_code": 200,
                "response_page_path": "/right-sidebar.html"
              }
            ],
            "default_cache_behavior": [
              {
                "allowed_methods": [
                  "DELETE",
                  "GET",
                  "HEAD",
                  "OPTIONS",
                  "PATCH",
                  "POST",
                  "PUT"
                ],
                "cache_policy_id": "",
                "cached_methods": [
                  "GET",
                  "HEAD"
                ],
                "compress": false,
                "default_ttl": 3600,
                "field_level_encryption_id": "",
                "forwarded_values": [
                  {
                    "cookies": [
                      {
                        "forward": "none",
                        "whitelisted_names": []
                      }
                    ],
                    "headers": [],
                    "query_string": false,
                    "query_string_cache_keys": []
                  }
                ],
                "lambda_function_association": [],
                "max_ttl": 86400,
                "min_ttl": 0,
                "origin_request_policy_id": "",
                "realtime_log_config_arn": "",
                "smooth_streaming": false,
                "target_origin_id": "terraform-bucket-fm",
                "trusted_key_groups": [],
                "trusted_signers": [],
                "viewer_protocol_policy": "redirect-to-https"
              }
            ],
            "default_root_object": "index.html",
            "domain_name": "d3hzmxcgwhgrym.cloudfront.net",
            "enabled": true,
            "etag": "E1XZPNXYUEHTND",
            "hosted_zone_id": "Z2FDTNDATAQYW2",
            "http_version": "http2",
            "id": "E144TC5597G9LI",
            "in_progress_validation_batches": 0,
            "is_ipv6_enabled": false,
            "last_modified_time": "2021-04-27 15:52:02.845 +0000 UTC",
            "logging_config": [],
            "ordered_cache_behavior": [],
            "origin": [
              {
                "custom_header": [],
                "custom_origin_config": [],
                "domain_name": "terraform-bucket-fm.s3.us-west-1.amazonaws.com",
                "origin_id": "terraform-bucket-fm",
                "origin_path": "",
                "s3_origin_config": [
                  {
                    "origin_access_identity": "origin-access-identity/cloudfront/E39UPVZHAUTN1I"
                  }
                ]
              }
            ],
            "origin_group": [],
            "price_class": "PriceClass_All",
            "restrictions": [
              {
                "geo_restriction": [
                  {
                    "locations": [],
                    "restriction_type": "none"
                  }
                ]
              }
            ],
            "retain_on_delete": false,
            "status": "Deployed",
            "tags": {
              "Name": "Terraform Cloudfront"
            },
            "trusted_key_groups": [
              {
                "enabled": false,
                "items": []
              }
            ],
            "trusted_signers": [
              {
                "enabled": false,
                "items": []
              }
            ],
            "viewer_certificate": [
              {
                "acm_certificate_arn": "arn:aws:acm:us-east-1:549847039622:certificate/29a1d027-e055-4ebf-9ae6-d4ca3f4aadf9",
                "cloudfront_default_certificate": false,
                "iam_certificate_id": "",
                "minimum_protocol_version": "TLSv1",
                "ssl_support_method": "sni-only"
              }
            ],
            "wait_for_deployment": true,
            "web_acl_id": ""
          },
          "sensitive_attributes": [],
          "private": "eyJzY2hlbWFfdmVyc2lvbiI6IjEifQ==",
          "dependencies": [
            "module.s3-web-hosting.aws_cloudfront_origin_access_identity.oai",
            "module.s3-web-hosting.aws_s3_bucket.s3Bucket"
          ]
        }
      ]
    },
    {
      "module": "module.s3-web-hosting",
      "mode": "managed",
      "type": "aws_cloudfront_origin_access_identity",
      "name": "oai",
      "provider": "provider[\"registry.terraform.io/hashicorp/aws\"]",
      "instances": [
        {
          "schema_version": 0,
          "attributes": {
            "caller_reference": "terraform-20210427153454278200000001",
            "cloudfront_access_identity_path": "origin-access-identity/cloudfront/E39UPVZHAUTN1I",
            "comment": "terraformOAI",
            "etag": "E1HQ34C8CYQ0BI",
            "iam_arn": "arn:aws:iam::cloudfront:user/CloudFront Origin Access Identity E39UPVZHAUTN1I",
            "id": "E39UPVZHAUTN1I",
            "s3_canonical_user_id": "a9c9cae6e4d96b317bbdbe8d44f88ae8dd583a1873e2526907ed3a8c173d9324eeb3d0f91e78fe5995a001cdede97f8e"
          },
          "sensitive_attributes": [],
          "private": "bnVsbA=="
        }
      ]
    },
    {
      "module": "module.s3-web-hosting",
      "mode": "managed",
      "type": "aws_route53_record",
      "name": "terrformRoute",
      "provider": "provider[\"registry.terraform.io/hashicorp/aws\"]",
      "instances": [
        {
          "schema_version": 2,
          "attributes": {
            "alias": [
              {
                "evaluate_target_health": true,
                "name": "d3hzmxcgwhgrym.cloudfront.net",
                "zone_id": "Z2FDTNDATAQYW2"
              }
            ],
            "allow_overwrite": null,
            "failover_routing_policy": [],
            "fqdn": "terraform.fuseprojects.com",
            "geolocation_routing_policy": [],
            "health_check_id": "",
            "id": "Z03427593K0DD0VDHTESG_terraform.fuseprojects.com_A",
            "latency_routing_policy": [],
            "multivalue_answer_routing_policy": null,
            "name": "terraform.fuseprojects.com",
            "records": [],
            "set_identifier": "",
            "ttl": 0,
            "type": "A",
            "weighted_routing_policy": [],
            "zone_id": "Z03427593K0DD0VDHTESG"
          },
          "sensitive_attributes": [],
          "private": "eyJzY2hlbWFfdmVyc2lvbiI6IjIifQ==",
          "dependencies": [
            "module.s3-web-hosting.aws_s3_bucket.s3Bucket",
            "module.s3-web-hosting.aws_cloudfront_distribution.terraformTest",
            "module.s3-web-hosting.aws_cloudfront_origin_access_identity.oai"
          ]
        }
      ]
    },
    {
      "module": "module.s3-web-hosting",
      "mode": "managed",
      "type": "aws_s3_bucket",
      "name": "s3Bucket",
      "provider": "provider[\"registry.terraform.io/hashicorp/aws\"]",
      "instances": [
        {
          "schema_version": 0,
          "attributes": {
            "acceleration_status": "",
            "acl": "private",
            "arn": "arn:aws:s3:::terraform-bucket-fm",
            "bucket": "terraform-bucket-fm",
            "bucket_domain_name": "terraform-bucket-fm.s3.amazonaws.com",
            "bucket_prefix": null,
            "bucket_regional_domain_name": "terraform-bucket-fm.s3.us-west-1.amazonaws.com",
            "cors_rule": [],
            "force_destroy": true,
            "grant": [],
            "hosted_zone_id": "Z2F56UZL2M1ACD",
            "id": "terraform-bucket-fm",
            "lifecycle_rule": [],
            "logging": [],
            "object_lock_configuration": [],
            "policy": null,
            "region": "us-west-1",
            "replication_configuration": [],
            "request_payer": "BucketOwner",
            "server_side_encryption_configuration": [],
            "tags": {
              "Name": "My terraform S3"
            },
            "versioning": [
              {
                "enabled": false,
                "mfa_delete": false
              }
            ],
            "website": [],
            "website_domain": null,
            "website_endpoint": null
          },
          "sensitive_attributes": [],
          "private": "bnVsbA=="
        }
      ]
    },
    {
      "module": "module.s3-web-hosting",
      "mode": "managed",
      "type": "aws_s3_bucket_policy",
      "name": "example",
      "provider": "provider[\"registry.terraform.io/hashicorp/aws\"]",
      "instances": [
        {
          "schema_version": 0,
          "attributes": {
            "bucket": "terraform-bucket-fm",
            "id": "terraform-bucket-fm",
            "policy": "{\"Version\":\"2012-10-17\",\"Statement\":[{\"Sid\":\"\",\"Effect\":\"Allow\",\"Principal\":{\"AWS\":\"arn:aws:iam::cloudfront:user/CloudFront Origin Access Identity E39UPVZHAUTN1I\"},\"Action\":\"s3:GetObject\",\"Resource\":\"arn:aws:s3:::terraform-bucket-fm/*\"}]}"
          },
          "sensitive_attributes": [],
          "private": "bnVsbA==",
          "dependencies": [
            "module.s3-web-hosting.aws_s3_bucket.s3Bucket",
            "module.s3-web-hosting.data.aws_iam_policy_document.s3_policy",
            "module.s3-web-hosting.aws_cloudfront_origin_access_identity.oai"
          ]
        }
      ]
    },
    {
      "module": "module.s3-web-hosting",
      "mode": "managed",
      "type": "aws_s3_bucket_public_access_block",
      "name": "s3Public",
      "provider": "provider[\"registry.terraform.io/hashicorp/aws\"]",
      "instances": [
        {
          "schema_version": 0,
          "attributes": {
            "block_public_acls": true,
            "block_public_policy": true,
            "bucket": "terraform-bucket-fm",
            "id": "terraform-bucket-fm",
            "ignore_public_acls": true,
            "restrict_public_buckets": true
          },
          "sensitive_attributes": [],
          "private": "bnVsbA==",
          "dependencies": [
            "module.s3-web-hosting.aws_s3_bucket.s3Bucket"
          ]
        }
      ]
    },
    {
      "module": "module.s3-web-hosting",
      "mode": "managed",
      "type": "null_resource",
      "name": "upload_to_s3",
      "provider": "provider[\"registry.terraform.io/hashicorp/null\"]",
      "instances": [
        {
          "schema_version": 0,
          "attributes": {
            "id": "9185745078413579706",
            "triggers": null
          },
          "sensitive_attributes": [],
          "private": "bnVsbA==",
          "dependencies": [
            "module.s3-web-hosting.aws_s3_bucket.s3Bucket"
          ]
        }
      ]
    }
  ]
}
